{
  "name": "fastembed",
  "version": "1.1.0",
  "lockfileVersion": 3,
  "requires": true,
  "packages": {
    "": {
      "name": "fastembed",
      "version": "1.1.0",
      "license": "ISC",
      "dependencies": {
        "@anush008/tokenizers": "^0.0.0",
        "onnxruntime-node": "^1.15.1",
        "progress": "^2.0.3",
        "tar": "^6.2.0"
      },
      "devDependencies": {
        "@types/progress": "^2.0.5",
        "@types/tar": "^6.1.6",
        "typescript": "^5.2.2"
      }
    },
    "node_modules/@anush008/tokenizers": {
      "version": "0.0.0",
      "resolved": "https://registry.npmjs.org/@anush008/tokenizers/-/tokenizers-0.0.0.tgz",
      "integrity": "sha512-IQD9wkVReKAhsEAbDjh/0KrBGTEXelqZLpOBRDaIRvlzZ9sjmUP+gKbpvzyJnei2JHQiE8JAgj7YcNloINbGBw==",
      "engines": {
        "node": ">= 10"
      },
      "optionalDependencies": {
        "@anush008/tokenizers-darwin-universal": "0.0.0",
        "@anush008/tokenizers-linux-x64-gnu": "0.0.0",
        "@anush008/tokenizers-win32-x64-msvc": "0.0.0"
      }
    },
    "node_modules/@anush008/tokenizers-darwin-universal": {
      "version": "0.0.0",
      "resolved": "https://registry.npmjs.org/@anush008/tokenizers-darwin-universal/-/tokenizers-darwin-universal-0.0.0.tgz",
      "integrity": "sha512-SACpWEooTjFX89dFKRVUhivMxxcZRtA3nJGVepdLyrwTkQ1TZQ8581B5JoXp0TcTMHfgnDaagifvVoBiFEdNCQ==",
      "optional": true,
      "os": [
        "darwin"
      ],
      "engines": {
        "node": ">= 10"
      }
    },
    "node_modules/@anush008/tokenizers-linux-x64-gnu": {
      "version": "0.0.0",
      "resolved": "https://registry.npmjs.org/@anush008/tokenizers-linux-x64-gnu/-/tokenizers-linux-x64-gnu-0.0.0.tgz",
      "integrity": "sha512-TLjByOPWUEq51L3EJkS+slyH57HKJ7lAz/aBtEt7TIPq4QsE2owOPGovByOLIq1x5Wgh9b+a4q2JasrEFSDDhg==",
      "cpu": [
        "x64"
      ],
      "optional": true,
      "os": [
        "linux"
      ],
      "engines": {
        "node": ">= 10"
      }
    },
    "node_modules/@anush008/tokenizers-win32-x64-msvc": {
      "version": "0.0.0",
      "resolved": "https://registry.npmjs.org/@anush008/tokenizers-win32-x64-msvc/-/tokenizers-win32-x64-msvc-0.0.0.tgz",
      "integrity": "sha512-/5kP0G96+Cr6947F0ZetXnmL31YCaN15dbNbh2NHg7TXXRwfqk95+JtPP5Q7v4jbR2xxAmuseBqB4H/V7zKWuw==",
      "cpu": [
        "x64"
      ],
      "optional": true,
      "os": [
        "win32"
      ],
      "engines": {
        "node": ">= 10"
      }
    },
    "node_modules/@types/node": {
      "version": "20.6.2",
      "resolved": "https://registry.npmjs.org/@types/node/-/node-20.6.2.tgz",
      "integrity": "sha512-Y+/1vGBHV/cYk6OI1Na/LHzwnlNCAfU3ZNGrc1LdRe/LAIbdDPTTv/HU3M7yXN448aTVDq3eKRm2cg7iKLb8gw==",
      "dev": true
    },
    "node_modules/@types/progress": {
      "version": "2.0.5",
      "resolved": "https://registry.npmjs.org/@types/progress/-/progress-2.0.5.tgz",
      "integrity": "sha512-ZYYVc/kSMkhH9W/4dNK/sLNra3cnkfT2nJyOAIDY+C2u6w72wa0s1aXAezVtbTsnN8HID1uhXCrLwDE2ZXpplg==",
      "dev": true,
      "dependencies": {
        "@types/node": "*"
      }
    },
    "node_modules/@types/tar": {
      "version": "6.1.6",
      "resolved": "https://registry.npmjs.org/@types/tar/-/tar-6.1.6.tgz",
      "integrity": "sha512-HQ06kiiDXz9uqtmE9ksQUn1ovcPr1gGV9EgaCWo6FGYKD0onNBCetBzL0kfcS8Kbj1EFxJWY9jL2W4ZvvtGI8Q==",
      "dev": true,
      "dependencies": {
        "@types/node": "*",
        "minipass": "^4.0.0"
      }
    },
    "node_modules/chownr": {
      "version": "2.0.0",
      "resolved": "https://registry.npmjs.org/chownr/-/chownr-2.0.0.tgz",
      "integrity": "sha512-bIomtDF5KGpdogkLd9VspvFzk9KfpyyGlS8YFVZl7TGPBHL5snIOnxeshwVgPteQ9b4Eydl+pVbIyE1DcvCWgQ==",
      "engines": {
        "node": ">=10"
      }
    },
    "node_modules/fs-minipass": {
      "version": "2.1.0",
      "resolved": "https://registry.npmjs.org/fs-minipass/-/fs-minipass-2.1.0.tgz",
      "integrity": "sha512-V/JgOLFCS+R6Vcq0slCuaeWEdNC3ouDlJMNIsacH2VtALiu9mV4LPrHc5cDl8k5aw6J8jwgWWpiTo5RYhmIzvg==",
      "dependencies": {
        "minipass": "^3.0.0"
      },
      "engines": {
        "node": ">= 8"
      }
    },
    "node_modules/fs-minipass/node_modules/minipass": {
      "version": "3.3.6",
      "resolved": "https://registry.npmjs.org/minipass/-/minipass-3.3.6.tgz",
      "integrity": "sha512-DxiNidxSEK+tHG6zOIklvNOwm3hvCrbUrdtzY74U6HKTJxvIDfOUL5W5P2Ghd3DTkhhKPYGqeNUIh5qcM4YBfw==",
      "dependencies": {
        "yallist": "^4.0.0"
      },
      "engines": {
        "node": ">=8"
      }
    },
    "node_modules/minipass": {
      "version": "4.2.8",
      "resolved": "https://registry.npmjs.org/minipass/-/minipass-4.2.8.tgz",
      "integrity": "sha512-fNzuVyifolSLFL4NzpF+wEF4qrgqaaKX0haXPQEdQ7NKAN+WecoKMHV09YcuL/DHxrUsYQOK3MiuDf7Ip2OXfQ==",
      "dev": true,
      "engines": {
        "node": ">=8"
      }
    },
    "node_modules/minizlib": {
      "version": "2.1.2",
      "resolved": "https://registry.npmjs.org/minizlib/-/minizlib-2.1.2.tgz",
      "integrity": "sha512-bAxsR8BVfj60DWXHE3u30oHzfl4G7khkSuPW+qvpd7jFRHm7dLxOjUk1EHACJ/hxLY8phGJ0YhYHZo7jil7Qdg==",
      "dependencies": {
        "minipass": "^3.0.0",
        "yallist": "^4.0.0"
      },
      "engines": {
        "node": ">= 8"
      }
    },
    "node_modules/minizlib/node_modules/minipass": {
      "version": "3.3.6",
      "resolved": "https://registry.npmjs.org/minipass/-/minipass-3.3.6.tgz",
      "integrity": "sha512-DxiNidxSEK+tHG6zOIklvNOwm3hvCrbUrdtzY74U6HKTJxvIDfOUL5W5P2Ghd3DTkhhKPYGqeNUIh5qcM4YBfw==",
      "dependencies": {
        "yallist": "^4.0.0"
      },
      "engines": {
        "node": ">=8"
      }
    },
    "node_modules/mkdirp": {
      "version": "1.0.4",
      "resolved": "https://registry.npmjs.org/mkdirp/-/mkdirp-1.0.4.tgz",
      "integrity": "sha512-vVqVZQyf3WLx2Shd0qJ9xuvqgAyKPLAiqITEtqW0oIUjzo3PePDd6fW9iFz30ef7Ysp/oiWqbhszeGWW2T6Gzw==",
      "bin": {
        "mkdirp": "bin/cmd.js"
      },
      "engines": {
        "node": ">=10"
      }
    },
    "node_modules/onnxruntime-common": {
      "version": "1.15.1",
      "resolved": "https://registry.npmjs.org/onnxruntime-common/-/onnxruntime-common-1.15.1.tgz",
      "integrity": "sha512-Y89eJ8QmaRsPZPWLaX7mfqhj63ny47rSkQe80hIo+lvBQdrdXYR9VO362xvZulk9DFkCnXmGidprvgJ07bKsIQ=="
    },
    "node_modules/onnxruntime-node": {
      "version": "1.15.1",
      "resolved": "https://registry.npmjs.org/onnxruntime-node/-/onnxruntime-node-1.15.1.tgz",
      "integrity": "sha512-wzhVELulmrvNoMZw0/HfV+9iwgHX+kPS82nxodZ37WCXmbeo1jp3thamTsNg8MGhxvv4GmEzRum5mo40oqIsqw==",
      "os": [
        "win32",
        "darwin",
        "linux"
      ],
      "dependencies": {
        "onnxruntime-common": "~1.15.1"
      }
    },
    "node_modules/progress": {
      "version": "2.0.3",
      "resolved": "https://registry.npmjs.org/progress/-/progress-2.0.3.tgz",
      "integrity": "sha512-7PiHtLll5LdnKIMw100I+8xJXR5gW2QwWYkT6iJva0bXitZKa/XMrSbdmg3r2Xnaidz9Qumd0VPaMrZlF9V9sA==",
      "engines": {
        "node": ">=0.4.0"
      }
    },
    "node_modules/tar": {
      "version": "6.2.0",
      "resolved": "https://registry.npmjs.org/tar/-/tar-6.2.0.tgz",
      "integrity": "sha512-/Wo7DcT0u5HUV486xg675HtjNd3BXZ6xDbzsCUZPt5iw8bTQ63bP0Raut3mvro9u+CUyq7YQd8Cx55fsZXxqLQ==",
      "dependencies": {
        "chownr": "^2.0.0",
        "fs-minipass": "^2.0.0",
        "minipass": "^5.0.0",
        "minizlib": "^2.1.1",
        "mkdirp": "^1.0.3",
        "yallist": "^4.0.0"
      },
      "engines": {
        "node": ">=10"
      }
    },
    "node_modules/tar/node_modules/minipass": {
      "version": "5.0.0",
      "resolved": "https://registry.npmjs.org/minipass/-/minipass-5.0.0.tgz",
      "integrity": "sha512-3FnjYuehv9k6ovOEbyOswadCDPX1piCfhV8ncmYtHOjuPwylVWsghTLo7rabjC3Rx5xD4HDx8Wm1xnMF7S5qFQ==",
      "engines": {
        "node": ">=8"
      }
    },
    "node_modules/typescript": {
      "version": "5.2.2",
      "resolved": "https://registry.npmjs.org/typescript/-/typescript-5.2.2.tgz",
      "integrity": "sha512-mI4WrpHsbCIcwT9cF4FZvr80QUeKvsUsUvKDoR+X/7XHQH98xYD8YHZg7ANtz2GtZt/CBq2QJ0thkGJMHfqc1w==",
      "dev": true,
      "bin": {
        "tsc": "bin/tsc",
        "tsserver": "bin/tsserver"
      },
      "engines": {
        "node": ">=14.17"
      }
    },
    "node_modules/yallist": {
      "version": "4.0.0",
      "resolved": "https://registry.npmjs.org/yallist/-/yallist-4.0.0.tgz",
      "integrity": "sha512-3wdGidZyq5PB084XLES5TpOSRA3wjXAlIWMhum2kRcv/41Sn2emQ0dycQW4uZXLejwKvg6EsvbdlVL+FYEct7A=="
    }
  }
}
